Microsoft Visual Studio Solution File, Format Version 12.00
# Visual Studio Version 17
VisualStudioVersion = 17.5.2.0
MinimumVisualStudioVersion = 10.0.40219.1
Project("{FAE04EC0-301F-11D3-BF4B-00C04F79EFBC}") = "CertifyMe", "CertifyMe\CertifyMe.csproj", "{BC5DFA7B-008B-5695-14E4-ABEDA9B62D7E}"
EndProject
Global
	GlobalSection(SolutionConfigurationPlatforms) = preSolution
		Debug|Any CPU = Debug|Any CPU
		Release|Any CPU = Release|Any CPU
	EndGlobalSection
	GlobalSection(ProjectConfigurationPlatforms) = postSolution
		{BC5DFA7B-008B-5695-14E4-ABEDA9B62D7E}.Debug|Any CPU.ActiveCfg = Debug|Any CPU
		{BC5DFA7B-008B-5695-14E4-ABEDA9B62D7E}.Debug|Any CPU.Build.0 = Debug|Any CPU
		{BC5DFA7B-008B-5695-14E4-ABEDA9B62D7E}.Release|Any CPU.ActiveCfg = Release|Any CPU
		{BC5DFA7B-008B-5695-14E4-ABEDA9B62D7E}.Release|Any CPU.Build.0 = Release|Any CPU
	EndGlobalSection
	GlobalSection(SolutionProperties) = preSolution
		HideSolutionNode = FALSE
	EndGlobalSection
	GlobalSection(ExtensibilityGlobals) = postSolution
		SolutionGuid = {899E524E-4DAC-4D1F-9FF1-B7F3B5736747}
	EndGlobalSection
EndGlobal
